
Microsoft Visual Studio Solution File, Format Version 12.00
# Visual Studio Version 17
VisualStudioVersion = 17.6.33723.286
MinimumVisualStudioVersion = 10.0.40219.1
Project("{8BC9CEB8-8B4A-11D0-8D11-00A0C91BC942}") = "Planes_Army_Finished", "Planes_Army_Finished.vcxproj", "{293AD322-B6EE-48FE-87D4-D304C8DC761A}"
EndProject
Project("{54435603-DBB4-11D2-8724-00A0C9A8B90C}") = "Setup1", "..\Setup1\Setup1.vdproj", "{EA61EAB8-368D-485A-89DC-67DC47ADFC94}"
EndProject
Global
	GlobalSection(SolutionConfigurationPlatforms) = preSolution
		Debug|x64 = Debug|x64
		Debug|x86 = Debug|x86
		Release|x64 = Release|x64
		Release|x86 = Release|x86
	EndGlobalSection
	GlobalSection(ProjectConfigurationPlatforms) = postSolution
		{293AD322-B6EE-48FE-87D4-D304C8DC761A}.Debug|x64.ActiveCfg = Debug|x64
		{293AD322-B6EE-48FE-87D4-D304C8DC761A}.Debug|x64.Build.0 = Debug|x64
		{293AD322-B6EE-48FE-87D4-D304C8DC761A}.Debug|x86.ActiveCfg = Debug|Win32
		{293AD322-B6EE-48FE-87D4-D304C8DC761A}.Debug|x86.Build.0 = Debug|Win32
		{293AD322-B6EE-48FE-87D4-D304C8DC761A}.Release|x64.ActiveCfg = Release|x64
		{293AD322-B6EE-48FE-87D4-D304C8DC761A}.Release|x64.Build.0 = Release|x64
		{293AD322-B6EE-48FE-87D4-D304C8DC761A}.Release|x86.ActiveCfg = Release|Win32
		{293AD322-B6EE-48FE-87D4-D304C8DC761A}.Release|x86.Build.0 = Release|Win32
		{EA61EAB8-368D-485A-89DC-67DC47ADFC94}.Debug|x64.ActiveCfg = Debug
		{EA61EAB8-368D-485A-89DC-67DC47ADFC94}.Debug|x86.ActiveCfg = Debug
		{EA61EAB8-368D-485A-89DC-67DC47ADFC94}.Release|x64.ActiveCfg = Release
		{EA61EAB8-368D-485A-89DC-67DC47ADFC94}.Release|x86.ActiveCfg = Release
	EndGlobalSection
	GlobalSection(SolutionProperties) = preSolution
		HideSolutionNode = FALSE
	EndGlobalSection
	GlobalSection(ExtensibilityGlobals) = postSolution
		SolutionGuid = {E1426ACC-F82F-4100-8233-5CCF9C27B485}
	EndGlobalSection
EndGlobal
